
Microsoft Visual Studio Solution File, Format Version 12.00
# Visual Studio Version 16
VisualStudioVersion = 16.0.29503.13
MinimumVisualStudioVersion = 10.0.40219.1
Project("{2150E333-8FDC-42A3-9474-1A3956D46DE8}") = "1 - View", "1 - View", "{A8EE66C6-0BBE-4AD2-8153-087889C05344}"
EndProject
Project("{2150E333-8FDC-42A3-9474-1A3956D46DE8}") = "2 - Services", "2 - Services", "{351D6FE1-C379-46AE-8B6A-C40F4CA3AA5A}"
EndProject
Project("{2150E333-8FDC-42A3-9474-1A3956D46DE8}") = "3 - Domain", "3 - Domain", "{595AAFFF-B40A-42FC-A5F9-F23B1AD1FB7D}"
EndProject
Project("{2150E333-8FDC-42A3-9474-1A3956D46DE8}") = "4 - Infra", "4 - Infra", "{DFE6BB9E-ABEC-4ABB-A056-D5A1A97C2901}"
EndProject
Project("{2150E333-8FDC-42A3-9474-1A3956D46DE8}") = "5 - CrossCutting", "5 - CrossCutting", "{BCFBF64E-E475-4E3C-B8AC-1A1AA15763B7}"
EndProject
Project("{FAE04EC0-301F-11D3-BF4B-00C04F79EFBC}") = "Gym.Api", "Gym.Api\Gym.Api.csproj", "{969B4A87-7912-4AC3-B41C-A3F08E1C5828}"
EndProject
Project("{FAE04EC0-301F-11D3-BF4B-00C04F79EFBC}") = "Gym.Services", "Gym.Services\Gym.Services.csproj", "{514A1AF4-3D7F-4AC5-A2CF-C8E1D6138F79}"
EndProject
Project("{FAE04EC0-301F-11D3-BF4B-00C04F79EFBC}") = "Gym.Domain", "Gym.Domain\Gym.Domain.csproj", "{3C3A3303-4B34-40C1-B7E5-111B32F5A359}"
EndProject
Project("{FAE04EC0-301F-11D3-BF4B-00C04F79EFBC}") = "Gym.Domain.Shared", "Gym.Domain.Shared\Gym.Domain.Shared.csproj", "{225E02B4-F606-4FE4-B2C7-477A7D3A2EF9}"
EndProject
Project("{FAE04EC0-301F-11D3-BF4B-00C04F79EFBC}") = "Gym.Domain.Interfaces", "Gym.Domain.Interfaces\Gym.Domain.Interfaces.csproj", "{C3C873F6-C4CD-4847-A7E0-B40C88DF4216}"
EndProject
Project("{FAE04EC0-301F-11D3-BF4B-00C04F79EFBC}") = "Gym.Infra.Data.Sql", "Gym.Infra.Data.Sql\Gym.Infra.Data.Sql.csproj", "{72975A00-3F61-4281-8E36-1915FACA6404}"
EndProject
Project("{FAE04EC0-301F-11D3-BF4B-00C04F79EFBC}") = "Gym.IoC", "Gym.IoC\Gym.IoC.csproj", "{6C8258A0-9AE9-43D2-A48C-25343BD31CB3}"
EndProject
Project("{FAE04EC0-301F-11D3-BF4B-00C04F79EFBC}") = "Gym.Token", "Gym.Token\Gym.Token.csproj", "{F91EFA7C-A02B-4668-8526-52ACBF4D21D7}"
EndProject
Global
	GlobalSection(SolutionConfigurationPlatforms) = preSolution
		Debug|Any CPU = Debug|Any CPU
		Release|Any CPU = Release|Any CPU
	EndGlobalSection
	GlobalSection(ProjectConfigurationPlatforms) = postSolution
		{969B4A87-7912-4AC3-B41C-A3F08E1C5828}.Debug|Any CPU.ActiveCfg = Debug|Any CPU
		{969B4A87-7912-4AC3-B41C-A3F08E1C5828}.Debug|Any CPU.Build.0 = Debug|Any CPU
		{969B4A87-7912-4AC3-B41C-A3F08E1C5828}.Release|Any CPU.ActiveCfg = Release|Any CPU
		{969B4A87-7912-4AC3-B41C-A3F08E1C5828}.Release|Any CPU.Build.0 = Release|Any CPU
		{514A1AF4-3D7F-4AC5-A2CF-C8E1D6138F79}.Debug|Any CPU.ActiveCfg = Debug|Any CPU
		{514A1AF4-3D7F-4AC5-A2CF-C8E1D6138F79}.Debug|Any CPU.Build.0 = Debug|Any CPU
		{514A1AF4-3D7F-4AC5-A2CF-C8E1D6138F79}.Release|Any CPU.ActiveCfg = Release|Any CPU
		{514A1AF4-3D7F-4AC5-A2CF-C8E1D6138F79}.Release|Any CPU.Build.0 = Release|Any CPU
		{3C3A3303-4B34-40C1-B7E5-111B32F5A359}.Debug|Any CPU.ActiveCfg = Debug|Any CPU
		{3C3A3303-4B34-40C1-B7E5-111B32F5A359}.Debug|Any CPU.Build.0 = Debug|Any CPU
		{3C3A3303-4B34-40C1-B7E5-111B32F5A359}.Release|Any CPU.ActiveCfg = Release|Any CPU
		{3C3A3303-4B34-40C1-B7E5-111B32F5A359}.Release|Any CPU.Build.0 = Release|Any CPU
		{225E02B4-F606-4FE4-B2C7-477A7D3A2EF9}.Debug|Any CPU.ActiveCfg = Debug|Any CPU
		{225E02B4-F606-4FE4-B2C7-477A7D3A2EF9}.Debug|Any CPU.Build.0 = Debug|Any CPU
		{225E02B4-F606-4FE4-B2C7-477A7D3A2EF9}.Release|Any CPU.ActiveCfg = Release|Any CPU
		{225E02B4-F606-4FE4-B2C7-477A7D3A2EF9}.Release|Any CPU.Build.0 = Release|Any CPU
		{C3C873F6-C4CD-4847-A7E0-B40C88DF4216}.Debug|Any CPU.ActiveCfg = Debug|Any CPU
		{C3C873F6-C4CD-4847-A7E0-B40C88DF4216}.Debug|Any CPU.Build.0 = Debug|Any CPU
		{C3C873F6-C4CD-4847-A7E0-B40C88DF4216}.Release|Any CPU.ActiveCfg = Release|Any CPU
		{C3C873F6-C4CD-4847-A7E0-B40C88DF4216}.Release|Any CPU.Build.0 = Release|Any CPU
		{72975A00-3F61-4281-8E36-1915FACA6404}.Debug|Any CPU.ActiveCfg = Debug|Any CPU
		{72975A00-3F61-4281-8E36-1915FACA6404}.Debug|Any CPU.Build.0 = Debug|Any CPU
		{72975A00-3F61-4281-8E36-1915FACA6404}.Release|Any CPU.ActiveCfg = Release|Any CPU
		{72975A00-3F61-4281-8E36-1915FACA6404}.Release|Any CPU.Build.0 = Release|Any CPU
		{6C8258A0-9AE9-43D2-A48C-25343BD31CB3}.Debug|Any CPU.ActiveCfg = Debug|Any CPU
		{6C8258A0-9AE9-43D2-A48C-25343BD31CB3}.Debug|Any CPU.Build.0 = Debug|Any CPU
		{6C8258A0-9AE9-43D2-A48C-25343BD31CB3}.Release|Any CPU.ActiveCfg = Release|Any CPU
		{6C8258A0-9AE9-43D2-A48C-25343BD31CB3}.Release|Any CPU.Build.0 = Release|Any CPU
		{F91EFA7C-A02B-4668-8526-52ACBF4D21D7}.Debug|Any CPU.ActiveCfg = Debug|Any CPU
		{F91EFA7C-A02B-4668-8526-52ACBF4D21D7}.Debug|Any CPU.Build.0 = Debug|Any CPU
		{F91EFA7C-A02B-4668-8526-52ACBF4D21D7}.Release|Any CPU.ActiveCfg = Release|Any CPU
		{F91EFA7C-A02B-4668-8526-52ACBF4D21D7}.Release|Any CPU.Build.0 = Release|Any CPU
	EndGlobalSection
	GlobalSection(SolutionProperties) = preSolution
		HideSolutionNode = FALSE
	EndGlobalSection
	GlobalSection(NestedProjects) = preSolution
		{969B4A87-7912-4AC3-B41C-A3F08E1C5828} = {A8EE66C6-0BBE-4AD2-8153-087889C05344}
		{514A1AF4-3D7F-4AC5-A2CF-C8E1D6138F79} = {351D6FE1-C379-46AE-8B6A-C40F4CA3AA5A}
		{3C3A3303-4B34-40C1-B7E5-111B32F5A359} = {595AAFFF-B40A-42FC-A5F9-F23B1AD1FB7D}
		{225E02B4-F606-4FE4-B2C7-477A7D3A2EF9} = {595AAFFF-B40A-42FC-A5F9-F23B1AD1FB7D}
		{C3C873F6-C4CD-4847-A7E0-B40C88DF4216} = {595AAFFF-B40A-42FC-A5F9-F23B1AD1FB7D}
		{72975A00-3F61-4281-8E36-1915FACA6404} = {DFE6BB9E-ABEC-4ABB-A056-D5A1A97C2901}
		{6C8258A0-9AE9-43D2-A48C-25343BD31CB3} = {BCFBF64E-E475-4E3C-B8AC-1A1AA15763B7}
		{F91EFA7C-A02B-4668-8526-52ACBF4D21D7} = {BCFBF64E-E475-4E3C-B8AC-1A1AA15763B7}
	EndGlobalSection
	GlobalSection(ExtensibilityGlobals) = postSolution
		SolutionGuid = {DE4CC954-74FF-466C-A159-33368264B5FC}
	EndGlobalSection
EndGlobal
